<?xml version="1.0" encoding="utf-8"?>
<Project ToolsVersion="4.0" xmlns="http://schemas.microsoft.com/developer/msbuild/2003">
  <ItemGroup>
    <Filter Include="Source Files">
      <UniqueIdentifier>{4FC737F1-C7A5-4376-A066-2A32D752A2FF}</UniqueIdentifier>
      <Extensions>cpp;c;cc;cxx;c++;cppm;ixx;def;odl;idl;hpj;bat;asm;asmx</Extensions>
    </Filter>
    <Filter Include="Header Files">
      <UniqueIdentifier>{93995380-89BD-4b04-88EB-625FBE52EBFB}</UniqueIdentifier>
      <Extensions>h;hh;hpp;hxx;h++;hm;inl;inc;ipp;xsd</Extensions>
    </Filter>
    <Filter Include="Resource Files">
      <UniqueIdentifier>{67DA6AB6-F800-4c08-8B7A-83BB121AAD01}</UniqueIdentifier>
      <Extensions>rc;ico;cur;bmp;dlg;rc2;rct;bin;rgs;gif;jpg;jpeg;jpe;resx;tiff;tif;png;wav;mfcribbon-ms</Extensions>
    </Filter>
    <Filter Include="Source Files\Utils">
      <UniqueIdentifier>{c8a78c0f-23cc-4b52-85f5-e4f80000a720}</UniqueIdentifier>
    </Filter>
    <Filter Include="Source Files\Execution">
      <UniqueIdentifier>{e6220f53-c7b2-46ee-a23a-29dbc92a1294}</UniqueIdentifier>
    </Filter>
    <Filter Include="Source Files\Evasion">
      <UniqueIdentifier>{8668834a-30bd-445e-aec4-535f3b57157c}</UniqueIdentifier>
    </Filter>
    <Filter Include="Source Files\Encryption">
      <UniqueIdentifier>{6e3e8b0f-3d89-412c-a852-fbe85dc0a754}</UniqueIdentifier>
    </Filter>
    <Filter Include="Header Files\DarkLoadLibrary">
      <UniqueIdentifier>{f9cbc89b-0f60-4e1c-8317-4bc9ff657487}</UniqueIdentifier>
    </Filter>
    <Filter Include="Source Files\DarkLoadLibrary">
      <UniqueIdentifier>{05f0cb8d-97f3-4168-bc0b-608580ce573a}</UniqueIdentifier>
    </Filter>
  </ItemGroup>
  <ItemGroup>
    <None Include="builder.py">
      <Filter>Source Files</Filter>
    </None>
  </ItemGroup>
  <ItemGroup>
    <ClCompile Include="malapi.cpp">
      <Filter>Source Files\Utils</Filter>
    </ClCompile>
    <ClCompile Include="evasion.cpp">
      <Filter>Source Files\Evasion</Filter>
    </ClCompile>
    <ClCompile Include="execute.cpp">
      <Filter>Source Files\Execution</Filter>
    </ClCompile>
    <ClCompile Include="main.cpp">
      <Filter>Source Files</Filter>
    </ClCompile>
    <ClCompile Include="encrypt.cpp">
      <Filter>Source Files\Encryption</Filter>
    </ClCompile>
    <ClCompile Include="darkloadlib\pebutils.c">
      <Filter>Source Files\DarkLoadLibrary</Filter>
    </ClCompile>
    <ClCompile Include="darkloadlib\syscalls.c">
      <Filter>Source Files\DarkLoadLibrary</Filter>
    </ClCompile>
    <ClCompile Include="darkloadlib\darkloadlibrary.c">
      <Filter>Source Files\DarkLoadLibrary</Filter>
    </ClCompile>
    <ClCompile Include="darkloadlib\ldrutils.c">
      <Filter>Source Files\DarkLoadLibrary</Filter>
    </ClCompile>
  </ItemGroup>
  <ItemGroup>
    <ClInclude Include="malapi.hpp">
      <Filter>Header Files</Filter>
    </ClInclude>
    <ClInclude Include="config.hpp">
      <Filter>Header Files</Filter>
    </ClInclude>
    <ClInclude Include="evasion.hpp">
      <Filter>Header Files</Filter>
    </ClInclude>
    <ClInclude Include="execute.hpp">
      <Filter>Header Files</Filter>
    </ClInclude>
    <ClInclude Include="encrypt.hpp">
      <Filter>Header Files</Filter>
    </ClInclude>
    <ClInclude Include="darkloadlib\darkloadlibrary.h">
      <Filter>Header Files\DarkLoadLibrary</Filter>
    </ClInclude>
    <ClInclude Include="darkloadlib\ldrutils.h">
      <Filter>Header Files\DarkLoadLibrary</Filter>
    </ClInclude>
    <ClInclude Include="darkloadlib\pebstructs.h">
      <Filter>Header Files\DarkLoadLibrary</Filter>
    </ClInclude>
    <ClInclude Include="darkloadlib\pebutils.h">
      <Filter>Header Files\DarkLoadLibrary</Filter>
    </ClInclude>
    <ClInclude Include="darkloadlib\syscalls.h">
      <Filter>Header Files\DarkLoadLibrary</Filter>
    </ClInclude>
  </ItemGroup>
  <ItemGroup>
    <MASM Include="darkloadlib\syscallsstubs.asm">
      <Filter>Source Files\DarkLoadLibrary</Filter>
    </MASM>
  </ItemGroup>
</Project>